
Microsoft Visual Studio Solution File, Format Version 12.00
# Visual Studio 2012
Project("{FAE04EC0-301F-11D3-BF4B-00C04F79EFBC}") = "MiniLab.UnitTests", "MiniLab.UnitTests\MiniLab.UnitTests.csproj", "{3697C04F-BD32-4364-ADB7-5FDA240B3921}"
EndProject
Project("{FAE04EC0-301F-11D3-BF4B-00C04F79EFBC}") = "MiniLab.Testing", "MiniLab.Testing\MiniLab.Testing.csproj", "{9EE087B0-5E99-4980-8FB0-56B77672514E}"
EndProject
Project("{FAE04EC0-301F-11D3-BF4B-00C04F79EFBC}") = "MiniLab.Device", "MiniLab.Device\MiniLab.Device.csproj", "{13AC59C7-ECC3-4FE9-8BC5-B58A9177FBA6}"
EndProject
Global
	GlobalSection(SolutionConfigurationPlatforms) = preSolution
		Debug|Any CPU = Debug|Any CPU
		Release|Any CPU = Release|Any CPU
	EndGlobalSection
	GlobalSection(ProjectConfigurationPlatforms) = postSolution
		{3697C04F-BD32-4364-ADB7-5FDA240B3921}.Debug|Any CPU.ActiveCfg = Debug|Any CPU
		{3697C04F-BD32-4364-ADB7-5FDA240B3921}.Debug|Any CPU.Build.0 = Debug|Any CPU
		{3697C04F-BD32-4364-ADB7-5FDA240B3921}.Release|Any CPU.ActiveCfg = Release|Any CPU
		{3697C04F-BD32-4364-ADB7-5FDA240B3921}.Release|Any CPU.Build.0 = Release|Any CPU
		{9EE087B0-5E99-4980-8FB0-56B77672514E}.Debug|Any CPU.ActiveCfg = Debug|Any CPU
		{9EE087B0-5E99-4980-8FB0-56B77672514E}.Debug|Any CPU.Build.0 = Debug|Any CPU
		{9EE087B0-5E99-4980-8FB0-56B77672514E}.Release|Any CPU.ActiveCfg = Release|Any CPU
		{9EE087B0-5E99-4980-8FB0-56B77672514E}.Release|Any CPU.Build.0 = Release|Any CPU
		{13AC59C7-ECC3-4FE9-8BC5-B58A9177FBA6}.Debug|Any CPU.ActiveCfg = Debug|Any CPU
		{13AC59C7-ECC3-4FE9-8BC5-B58A9177FBA6}.Debug|Any CPU.Build.0 = Debug|Any CPU
		{13AC59C7-ECC3-4FE9-8BC5-B58A9177FBA6}.Release|Any CPU.ActiveCfg = Release|Any CPU
		{13AC59C7-ECC3-4FE9-8BC5-B58A9177FBA6}.Release|Any CPU.Build.0 = Release|Any CPU
	EndGlobalSection
	GlobalSection(SolutionProperties) = preSolution
		HideSolutionNode = FALSE
	EndGlobalSection
EndGlobal
